
Microsoft Visual Studio Solution File, Format Version 12.00
# Visual Studio Version 16
VisualStudioVersion = 16.0.30413.136
MinimumVisualStudioVersion = 10.0.40219.1
Project("{FAE04EC0-301F-11D3-BF4B-00C04F79EFBC}") = "NorthWindEF", "NorthWindEF\NorthWindEF.csproj", "{FED6E9CE-8EF4-40BA-8ACA-25DD97DD0998}"
EndProject
Project("{FAE04EC0-301F-11D3-BF4B-00C04F79EFBC}") = "ConsoleApp2", "ConsoleApp2\ConsoleApp2.csproj", "{EFCFBFD1-CA2D-46BD-BB2C-5E3A038994BB}"
EndProject
Global
	GlobalSection(SolutionConfigurationPlatforms) = preSolution
		Debug|Any CPU = Debug|Any CPU
		Release|Any CPU = Release|Any CPU
	EndGlobalSection
	GlobalSection(ProjectConfigurationPlatforms) = postSolution
		{FED6E9CE-8EF4-40BA-8ACA-25DD97DD0998}.Debug|Any CPU.ActiveCfg = Debug|Any CPU
		{FED6E9CE-8EF4-40BA-8ACA-25DD97DD0998}.Debug|Any CPU.Build.0 = Debug|Any CPU
		{FED6E9CE-8EF4-40BA-8ACA-25DD97DD0998}.Release|Any CPU.ActiveCfg = Release|Any CPU
		{FED6E9CE-8EF4-40BA-8ACA-25DD97DD0998}.Release|Any CPU.Build.0 = Release|Any CPU
		{EFCFBFD1-CA2D-46BD-BB2C-5E3A038994BB}.Debug|Any CPU.ActiveCfg = Debug|Any CPU
		{EFCFBFD1-CA2D-46BD-BB2C-5E3A038994BB}.Debug|Any CPU.Build.0 = Debug|Any CPU
		{EFCFBFD1-CA2D-46BD-BB2C-5E3A038994BB}.Release|Any CPU.ActiveCfg = Release|Any CPU
		{EFCFBFD1-CA2D-46BD-BB2C-5E3A038994BB}.Release|Any CPU.Build.0 = Release|Any CPU
	EndGlobalSection
	GlobalSection(SolutionProperties) = preSolution
		HideSolutionNode = FALSE
	EndGlobalSection
	GlobalSection(ExtensibilityGlobals) = postSolution
		SolutionGuid = {DC224BC4-32AB-47A6-B149-1ECCFC703D07}
	EndGlobalSection
EndGlobal
